
Microsoft Visual Studio Solution File, Format Version 12.00
# Visual Studio Version 17
VisualStudioVersion = 17.2.32630.192
MinimumVisualStudioVersion = 10.0.40219.1
Project("{FAE04EC0-301F-11D3-BF4B-00C04F79EFBC}") = "infcsIComporablEOOP", "infcsIComporablEOOP\infcsIComporablEOOP.csproj", "{5ECCC0C1-9FC2-4C1D-B7E6-2D462454D4B0}"
EndProject
Global
	GlobalSection(SolutionConfigurationPlatforms) = preSolution
		Debug|Any CPU = Debug|Any CPU
		Release|Any CPU = Release|Any CPU
	EndGlobalSection
	GlobalSection(ProjectConfigurationPlatforms) = postSolution
		{5ECCC0C1-9FC2-4C1D-B7E6-2D462454D4B0}.Debug|Any CPU.ActiveCfg = Debug|Any CPU
		{5ECCC0C1-9FC2-4C1D-B7E6-2D462454D4B0}.Debug|Any CPU.Build.0 = Debug|Any CPU
		{5ECCC0C1-9FC2-4C1D-B7E6-2D462454D4B0}.Release|Any CPU.ActiveCfg = Release|Any CPU
		{5ECCC0C1-9FC2-4C1D-B7E6-2D462454D4B0}.Release|Any CPU.Build.0 = Release|Any CPU
	EndGlobalSection
	GlobalSection(SolutionProperties) = preSolution
		HideSolutionNode = FALSE
	EndGlobalSection
	GlobalSection(ExtensibilityGlobals) = postSolution
		SolutionGuid = {FCE5DE3F-8175-4891-9939-B99933D2F728}
	EndGlobalSection
EndGlobal
